
Microsoft Visual Studio Solution File, Format Version 12.00
# Visual Studio 2013
VisualStudioVersion = 12.0.31101.0
MinimumVisualStudioVersion = 10.0.40219.1
Project("{FAE04EC0-301F-11D3-BF4B-00C04F79EFBC}") = "Task1", "Task1\Task1.csproj", "{DB5473A6-33E3-41BE-9442-7F68988FB6CA}"
EndProject
Project("{FAE04EC0-301F-11D3-BF4B-00C04F79EFBC}") = "Task1UI", "Task1UI\Task1UI.csproj", "{D425B5F9-16E4-46DA-8B09-11F2242C78EB}"
EndProject
Global
	GlobalSection(SolutionConfigurationPlatforms) = preSolution
		Debug|Any CPU = Debug|Any CPU
		Release|Any CPU = Release|Any CPU
	EndGlobalSection
	GlobalSection(ProjectConfigurationPlatforms) = postSolution
		{DB5473A6-33E3-41BE-9442-7F68988FB6CA}.Debug|Any CPU.ActiveCfg = Debug|Any CPU
		{DB5473A6-33E3-41BE-9442-7F68988FB6CA}.Debug|Any CPU.Build.0 = Debug|Any CPU
		{DB5473A6-33E3-41BE-9442-7F68988FB6CA}.Release|Any CPU.ActiveCfg = Release|Any CPU
		{DB5473A6-33E3-41BE-9442-7F68988FB6CA}.Release|Any CPU.Build.0 = Release|Any CPU
		{D425B5F9-16E4-46DA-8B09-11F2242C78EB}.Debug|Any CPU.ActiveCfg = Debug|Any CPU
		{D425B5F9-16E4-46DA-8B09-11F2242C78EB}.Debug|Any CPU.Build.0 = Debug|Any CPU
		{D425B5F9-16E4-46DA-8B09-11F2242C78EB}.Release|Any CPU.ActiveCfg = Release|Any CPU
		{D425B5F9-16E4-46DA-8B09-11F2242C78EB}.Release|Any CPU.Build.0 = Release|Any CPU
	EndGlobalSection
	GlobalSection(SolutionProperties) = preSolution
		HideSolutionNode = FALSE
	EndGlobalSection
EndGlobal
